
Microsoft Visual Studio Solution File, Format Version 12.00
# Visual Studio 15
Project("{FAE04EC0-301F-11D3-BF4B-00C04F79EFBC}") = "UnityEngine.TestRunner", "UnityEngine.TestRunner.csproj", "{75A2D1A9-3405-35D7-735C-EC9698E4A14D}"
EndProject
Project("{FAE04EC0-301F-11D3-BF4B-00C04F79EFBC}") = "Unity.VisualScripting.Flow", "Unity.VisualScripting.Flow.csproj", "{ED02B641-0F1E-3408-268B-E742AE5B5AA4}"
EndProject
Project("{FAE04EC0-301F-11D3-BF4B-00C04F79EFBC}") = "Unity.Mathematics", "Unity.Mathematics.csproj", "{9AAE88C7-06EE-12AC-A3A7-61A460DFA9AD}"
EndProject
Project("{FAE04EC0-301F-11D3-BF4B-00C04F79EFBC}") = "Unity.Services.Core.Telemetry", "Unity.Services.Core.Telemetry.csproj", "{B7263D80-3035-52DA-CCEB-9A10EAB67860}"
EndProject
Project("{FAE04EC0-301F-11D3-BF4B-00C04F79EFBC}") = "Unity.InputSystem", "Unity.InputSystem.csproj", "{2ED9A805-E2D4-84F7-DFCC-0CEDC5C61A10}"
EndProject
Project("{FAE04EC0-301F-11D3-BF4B-00C04F79EFBC}") = "Unity.VisualScripting.State", "Unity.VisualScripting.State.csproj", "{239196DC-070F-D994-ECE6-4453D974B6C1}"
EndProject
Project("{FAE04EC0-301F-11D3-BF4B-00C04F79EFBC}") = "Unity.VisualScripting.Core", "Unity.VisualScripting.Core.csproj", "{911B391F-9C76-F4A3-B8AC-0D92143BBFC6}"
EndProject
Project("{FAE04EC0-301F-11D3-BF4B-00C04F79EFBC}") = "Unity.Postprocessing.Runtime", "Unity.Postprocessing.Runtime.csproj", "{AB70E85A-D8EA-A1D1-A93C-121C7B297AFC}"
EndProject
Project("{FAE04EC0-301F-11D3-BF4B-00C04F79EFBC}") = "Unity.Services.Core.Environments.Internal", "Unity.Services.Core.Environments.Internal.csproj", "{1156D482-9095-6A8B-31A3-7BCD29923D25}"
EndProject
Project("{FAE04EC0-301F-11D3-BF4B-00C04F79EFBC}") = "Unity.Burst", "Unity.Burst.csproj", "{E0374A43-E7A7-CC12-01CA-D6D38BBE61B3}"
EndProject
Project("{FAE04EC0-301F-11D3-BF4B-00C04F79EFBC}") = "Unity.2D.Animation.Runtime", "Unity.2D.Animation.Runtime.csproj", "{C2345DCF-598F-5317-7670-76804BEB83E1}"
EndProject
Project("{FAE04EC0-301F-11D3-BF4B-00C04F79EFBC}") = "Unity.TextMeshPro", "Unity.TextMeshPro.csproj", "{28654A88-CE4A-4D41-9345-F9155D7696C5}"
EndProject
Project("{FAE04EC0-301F-11D3-BF4B-00C04F79EFBC}") = "Unity.ProBuilder.Poly2Tri", "Unity.ProBuilder.Poly2Tri.csproj", "{85365CD5-FA67-C87F-A650-3FB8A350841D}"
EndProject
Project("{FAE04EC0-301F-11D3-BF4B-00C04F79EFBC}") = "Cinemachine", "Cinemachine.csproj", "{0B1D0DCB-B2CD-8520-B528-97FD3BA83CEB}"
EndProject
Project("{FAE04EC0-301F-11D3-BF4B-00C04F79EFBC}") = "Assembly-CSharp", "Assembly-CSharp.csproj", "{4EBBEFFE-12B2-9657-C8FB-755AD5955407}"
EndProject
Project("{FAE04EC0-301F-11D3-BF4B-00C04F79EFBC}") = "Unity.Timeline", "Unity.Timeline.csproj", "{933A978F-C461-9C50-EBD7-127544C0DC87}"
EndProject
Project("{FAE04EC0-301F-11D3-BF4B-00C04F79EFBC}") = "Unity.Services.Core", "Unity.Services.Core.csproj", "{37D855D7-089C-759B-A63B-041F9CACFD77}"
EndProject
Project("{FAE04EC0-301F-11D3-BF4B-00C04F79EFBC}") = "Unity.ProBuilder", "Unity.ProBuilder.csproj", "{14365B4B-1967-FB05-BF04-F61A96EFAE11}"
EndProject
Project("{FAE04EC0-301F-11D3-BF4B-00C04F79EFBC}") = "Unity.Services.Core.Environments", "Unity.Services.Core.Environments.csproj", "{91583D86-7F49-612D-702E-87EA221D778F}"
EndProject
Project("{FAE04EC0-301F-11D3-BF4B-00C04F79EFBC}") = "Unity.Services.Core.Internal", "Unity.Services.Core.Internal.csproj", "{DA969EB6-C7FC-E519-ADF0-EC8F13F057D1}"
EndProject
Project("{FAE04EC0-301F-11D3-BF4B-00C04F79EFBC}") = "Unity.Services.Core.Analytics", "Unity.Services.Core.Analytics.csproj", "{5E3CB4E7-FBB3-D2DD-B44E-AE9679A679D9}"
EndProject
Project("{FAE04EC0-301F-11D3-BF4B-00C04F79EFBC}") = "Unity.2D.SpriteShape.Runtime", "Unity.2D.SpriteShape.Runtime.csproj", "{69302776-1B81-BA13-68B4-6EEF8E5A9F42}"
EndProject
Project("{FAE04EC0-301F-11D3-BF4B-00C04F79EFBC}") = "Unity.ProBuilder.Csg", "Unity.ProBuilder.Csg.csproj", "{0F54AD90-9464-641E-1EF1-909183A8CE4B}"
EndProject
Project("{FAE04EC0-301F-11D3-BF4B-00C04F79EFBC}") = "Unity.Services.Core.Scheduler", "Unity.Services.Core.Scheduler.csproj", "{0E7894F3-1A28-1EF6-B48D-C7761B7B1FA1}"
EndProject
Project("{FAE04EC0-301F-11D3-BF4B-00C04F79EFBC}") = "Unity.Services.Core.Registration", "Unity.Services.Core.Registration.csproj", "{FD2D9CD6-743B-9D13-E5BF-D49A9167CCCB}"
EndProject
Project("{FAE04EC0-301F-11D3-BF4B-00C04F79EFBC}") = "Unity.2D.PixelPerfect", "Unity.2D.PixelPerfect.csproj", "{244DC27A-1DEC-DCF5-D9B9-AEA25AF3D2F0}"
EndProject
Project("{FAE04EC0-301F-11D3-BF4B-00C04F79EFBC}") = "Unity.2D.Common.Runtime", "Unity.2D.Common.Runtime.csproj", "{6C7E43BB-0725-3DEA-F92E-A51348B54664}"
EndProject
Project("{FAE04EC0-301F-11D3-BF4B-00C04F79EFBC}") = "Unity.2D.IK.Runtime", "Unity.2D.IK.Runtime.csproj", "{E3B94521-1259-9040-AF6F-F2713C9BB312}"
EndProject
Project("{FAE04EC0-301F-11D3-BF4B-00C04F79EFBC}") = "Unity.Services.Core.Device", "Unity.Services.Core.Device.csproj", "{15927492-6155-31A1-B4EC-8B53C0443833}"
EndProject
Project("{FAE04EC0-301F-11D3-BF4B-00C04F79EFBC}") = "Unity.Services.Core.Threading", "Unity.Services.Core.Threading.csproj", "{AA461209-2A22-2342-D94E-12D77F96463C}"
EndProject
Project("{FAE04EC0-301F-11D3-BF4B-00C04F79EFBC}") = "Unity.2D.Tilemap.Extras", "Unity.2D.Tilemap.Extras.csproj", "{54776D90-566C-4B89-EA5A-4ED08008AB8D}"
EndProject
Project("{FAE04EC0-301F-11D3-BF4B-00C04F79EFBC}") = "Unity.Services.Core.Networking", "Unity.Services.Core.Networking.csproj", "{9B96FE38-4615-8A45-6B19-6668D891D587}"
EndProject
Project("{FAE04EC0-301F-11D3-BF4B-00C04F79EFBC}") = "Unity.ProBuilder.KdTree", "Unity.ProBuilder.KdTree.csproj", "{50BCF0AE-5204-27E4-568B-C531DD700739}"
EndProject
Project("{FAE04EC0-301F-11D3-BF4B-00C04F79EFBC}") = "Unity.InternalAPIEngineBridge.001", "Unity.InternalAPIEngineBridge.001.csproj", "{FA113DE9-8CA7-CA08-791A-0E3D58BCC0D6}"
EndProject
Project("{FAE04EC0-301F-11D3-BF4B-00C04F79EFBC}") = "Unity.Services.Core.Configuration", "Unity.Services.Core.Configuration.csproj", "{ACBAE7F0-E677-D9FF-145B-340BCB674823}"
EndProject
Project("{FAE04EC0-301F-11D3-BF4B-00C04F79EFBC}") = "Unity.ProBuilder.Stl", "Unity.ProBuilder.Stl.csproj", "{2F8A4BD1-DDA1-4E79-45BF-C327EE751BC8}"
EndProject
Project("{FAE04EC0-301F-11D3-BF4B-00C04F79EFBC}") = "Unity.PlasticSCM.Editor", "Unity.PlasticSCM.Editor.csproj", "{6710AB56-D1C3-3A40-4018-C49F6080AC62}"
EndProject
Project("{FAE04EC0-301F-11D3-BF4B-00C04F79EFBC}") = "Unity.VisualScripting.Core.Editor", "Unity.VisualScripting.Core.Editor.csproj", "{4B44CC17-7D89-0B7C-2FB1-406423367D3C}"
EndProject
Project("{FAE04EC0-301F-11D3-BF4B-00C04F79EFBC}") = "Unity.VisualScripting.Flow.Editor", "Unity.VisualScripting.Flow.Editor.csproj", "{3526D291-BDFF-DBF3-2E32-86C4C12D1C3F}"
EndProject
Project("{FAE04EC0-301F-11D3-BF4B-00C04F79EFBC}") = "Unity.VisualStudio.Editor", "Unity.VisualStudio.Editor.csproj", "{9BA61B32-7B78-3F83-AC43-995B3D597283}"
EndProject
Project("{FAE04EC0-301F-11D3-BF4B-00C04F79EFBC}") = "Unity.ProBuilder.Editor", "Unity.ProBuilder.Editor.csproj", "{1BC08E83-2A8A-8CD0-F2FC-F00FEC69FF19}"
EndProject
Project("{FAE04EC0-301F-11D3-BF4B-00C04F79EFBC}") = "Unity.Timeline.Editor", "Unity.Timeline.Editor.csproj", "{31B8C447-7485-DE7F-0D80-99EA76F4D88B}"
EndProject
Project("{FAE04EC0-301F-11D3-BF4B-00C04F79EFBC}") = "com.unity.cinemachine.editor", "com.unity.cinemachine.editor.csproj", "{83307CF7-509A-DDB3-FFA5-95714470AC48}"
EndProject
Project("{FAE04EC0-301F-11D3-BF4B-00C04F79EFBC}") = "Unity.VisualScripting.State.Editor", "Unity.VisualScripting.State.Editor.csproj", "{36AF6B23-7E9D-6F8F-B584-380666C59E52}"
EndProject
Project("{FAE04EC0-301F-11D3-BF4B-00C04F79EFBC}") = "Unity.TextMeshPro.Editor", "Unity.TextMeshPro.Editor.csproj", "{B51779E5-EB49-BDE5-C7D9-1FB736CD044C}"
EndProject
Project("{FAE04EC0-301F-11D3-BF4B-00C04F79EFBC}") = "Unity.2D.Animation.Editor", "Unity.2D.Animation.Editor.csproj", "{DB5D72AB-8FCD-A919-08D5-E284B1F62E55}"
EndProject
Project("{FAE04EC0-301F-11D3-BF4B-00C04F79EFBC}") = "Unity.VisualScripting.SettingsProvider.Editor", "Unity.VisualScripting.SettingsProvider.Editor.csproj", "{F4F0FD90-953D-C216-C0A5-9ABCAAD2FDB9}"
EndProject
Project("{FAE04EC0-301F-11D3-BF4B-00C04F79EFBC}") = "Unity.CollabProxy.Editor", "Unity.CollabProxy.Editor.csproj", "{E156DF23-C78F-1705-DC91-5B4C8219A8BD}"
EndProject
Project("{FAE04EC0-301F-11D3-BF4B-00C04F79EFBC}") = "UnityEditor.TestRunner", "UnityEditor.TestRunner.csproj", "{72CA1596-F6FC-C150-F16B-36B35AB98F65}"
EndProject
Project("{FAE04EC0-301F-11D3-BF4B-00C04F79EFBC}") = "Unity.Postprocessing.Editor", "Unity.Postprocessing.Editor.csproj", "{75ED5B62-AF9D-1BA7-19FD-E820E1CD3A23}"
EndProject
Project("{FAE04EC0-301F-11D3-BF4B-00C04F79EFBC}") = "Unity.Services.Core.Editor", "Unity.Services.Core.Editor.csproj", "{172F709D-F318-F3DE-DC71-898EE4051A6A}"
EndProject
Project("{FAE04EC0-301F-11D3-BF4B-00C04F79EFBC}") = "Unity.Rider.Editor", "Unity.Rider.Editor.csproj", "{687C2664-1912-EA69-898E-5BE2B61E5CAF}"
EndProject
Project("{FAE04EC0-301F-11D3-BF4B-00C04F79EFBC}") = "ThryAssemblyDefinition", "ThryAssemblyDefinition.csproj", "{B8F0DD85-28D3-F3AC-346F-4638D8E7A672}"
EndProject
Project("{FAE04EC0-301F-11D3-BF4B-00C04F79EFBC}") = "Unity.2D.Path.Editor", "Unity.2D.Path.Editor.csproj", "{BED2B803-2644-551E-FA5F-66507336CEBF}"
EndProject
Project("{FAE04EC0-301F-11D3-BF4B-00C04F79EFBC}") = "PsdPlugin", "PsdPlugin.csproj", "{549D7EDB-503F-C3C1-6C56-2818CF84DC38}"
EndProject
Project("{FAE04EC0-301F-11D3-BF4B-00C04F79EFBC}") = "Poiyomi.ModularShaderSystem", "Poiyomi.ModularShaderSystem.csproj", "{D144AE4A-33FC-8E5F-D7BB-B76CDEE9954B}"
EndProject
Project("{FAE04EC0-301F-11D3-BF4B-00C04F79EFBC}") = "Unity.2D.IK.Editor", "Unity.2D.IK.Editor.csproj", "{7EF09B64-F6FE-FB7C-0465-CB70CE2A357E}"
EndProject
Project("{FAE04EC0-301F-11D3-BF4B-00C04F79EFBC}") = "Unity.2D.Psdimporter.Editor", "Unity.2D.Psdimporter.Editor.csproj", "{D780DA71-1C87-5E72-7955-33C12AD7619A}"
EndProject
Project("{FAE04EC0-301F-11D3-BF4B-00C04F79EFBC}") = "Unity.2D.SpriteShape.Editor", "Unity.2D.SpriteShape.Editor.csproj", "{68FF0A2F-D79A-29F1-5C46-8EFD8618C1C5}"
EndProject
Project("{FAE04EC0-301F-11D3-BF4B-00C04F79EFBC}") = "Unity.Burst.CodeGen", "Unity.Burst.CodeGen.csproj", "{2407334D-A72C-4816-9B65-711F24A70CD1}"
EndProject
Project("{FAE04EC0-301F-11D3-BF4B-00C04F79EFBC}") = "Unity.2D.PixelPerfect.Editor", "Unity.2D.PixelPerfect.Editor.csproj", "{178FA6A8-38D6-B1E1-68E6-E3B244FBEB26}"
EndProject
Project("{FAE04EC0-301F-11D3-BF4B-00C04F79EFBC}") = "Unity.VSCode.Editor", "Unity.VSCode.Editor.csproj", "{AA578283-99A0-91ED-5A0C-C7CDDE506CB5}"
EndProject
Project("{FAE04EC0-301F-11D3-BF4B-00C04F79EFBC}") = "Unity.ProBuilder.AssetIdRemapUtility", "Unity.ProBuilder.AssetIdRemapUtility.csproj", "{D4F86081-EB21-60DD-57CB-8DC4CAD467C2}"
EndProject
Project("{FAE04EC0-301F-11D3-BF4B-00C04F79EFBC}") = "Unity.Settings.Editor", "Unity.Settings.Editor.csproj", "{1010A1E2-5CA4-CA77-47A3-674F0EB6DB01}"
EndProject
Project("{FAE04EC0-301F-11D3-BF4B-00C04F79EFBC}") = "Assembly-CSharp-Editor", "Assembly-CSharp-Editor.csproj", "{44601FF7-D60D-974F-D8DE-15C26284014C}"
EndProject
Project("{FAE04EC0-301F-11D3-BF4B-00C04F79EFBC}") = "Unity.2D.Common.Editor", "Unity.2D.Common.Editor.csproj", "{7E779343-482F-E18A-F06E-A33545B9C3ED}"
EndProject
Project("{FAE04EC0-301F-11D3-BF4B-00C04F79EFBC}") = "Unity.Mathematics.Editor", "Unity.Mathematics.Editor.csproj", "{93976CBB-71D9-21E2-5C88-863973915409}"
EndProject
Project("{FAE04EC0-301F-11D3-BF4B-00C04F79EFBC}") = "Unity.Services.Core.Configuration.Editor", "Unity.Services.Core.Configuration.Editor.csproj", "{9D6873D1-7ED8-615B-5628-69A598775E28}"
EndProject
Project("{FAE04EC0-301F-11D3-BF4B-00C04F79EFBC}") = "Unity.2D.Tilemap.Extras.Editor", "Unity.2D.Tilemap.Extras.Editor.csproj", "{EA645AF0-A735-016B-254A-FD148DE03E4F}"
EndProject
Project("{FAE04EC0-301F-11D3-BF4B-00C04F79EFBC}") = "Unity.Burst.Editor", "Unity.Burst.Editor.csproj", "{CA172D2E-3F82-187C-B2AB-BEA4831DB325}"
EndProject
Project("{FAE04EC0-301F-11D3-BF4B-00C04F79EFBC}") = "Unity.InternalAPIEditorBridge.001", "Unity.InternalAPIEditorBridge.001.csproj", "{28BC2B7C-A711-3D7F-3649-4A2EEE2BF7E5}"
EndProject
Project("{FAE04EC0-301F-11D3-BF4B-00C04F79EFBC}") = "Unity.VisualScripting.Shared.Editor", "Unity.VisualScripting.Shared.Editor.csproj", "{B991F38B-505E-7FB3-78CF-84628D1BA6C5}"
EndProject
Project("{FAE04EC0-301F-11D3-BF4B-00C04F79EFBC}") = "Unity.ProBuilder.AddOns.Editor", "Unity.ProBuilder.AddOns.Editor.csproj", "{E6901DCC-21D1-85A3-3594-F6183D51CF16}"
EndProject
Global
	GlobalSection(SolutionConfigurationPlatforms) = preSolution
		Debug|Any CPU = Debug|Any CPU
		Release|Any CPU = Release|Any CPU
	EndGlobalSection
	GlobalSection(ProjectConfigurationPlatforms) = postSolution
		{75A2D1A9-3405-35D7-735C-EC9698E4A14D}.Debug|Any CPU.ActiveCfg = Debug|Any CPU
		{75A2D1A9-3405-35D7-735C-EC9698E4A14D}.Debug|Any CPU.Build.0 = Debug|Any CPU
		{75A2D1A9-3405-35D7-735C-EC9698E4A14D}.Release|Any CPU.ActiveCfg = Release|Any CPU
		{75A2D1A9-3405-35D7-735C-EC9698E4A14D}.Release|Any CPU.Build.0 = Release|Any CPU
		{ED02B641-0F1E-3408-268B-E742AE5B5AA4}.Debug|Any CPU.ActiveCfg = Debug|Any CPU
		{ED02B641-0F1E-3408-268B-E742AE5B5AA4}.Debug|Any CPU.Build.0 = Debug|Any CPU
		{ED02B641-0F1E-3408-268B-E742AE5B5AA4}.Release|Any CPU.ActiveCfg = Release|Any CPU
		{ED02B641-0F1E-3408-268B-E742AE5B5AA4}.Release|Any CPU.Build.0 = Release|Any CPU
		{9AAE88C7-06EE-12AC-A3A7-61A460DFA9AD}.Debug|Any CPU.ActiveCfg = Debug|Any CPU
		{9AAE88C7-06EE-12AC-A3A7-61A460DFA9AD}.Debug|Any CPU.Build.0 = Debug|Any CPU
		{9AAE88C7-06EE-12AC-A3A7-61A460DFA9AD}.Release|Any CPU.ActiveCfg = Release|Any CPU
		{9AAE88C7-06EE-12AC-A3A7-61A460DFA9AD}.Release|Any CPU.Build.0 = Release|Any CPU
		{B7263D80-3035-52DA-CCEB-9A10EAB67860}.Debug|Any CPU.ActiveCfg = Debug|Any CPU
		{B7263D80-3035-52DA-CCEB-9A10EAB67860}.Debug|Any CPU.Build.0 = Debug|Any CPU
		{B7263D80-3035-52DA-CCEB-9A10EAB67860}.Release|Any CPU.ActiveCfg = Release|Any CPU
		{B7263D80-3035-52DA-CCEB-9A10EAB67860}.Release|Any CPU.Build.0 = Release|Any CPU
		{2ED9A805-E2D4-84F7-DFCC-0CEDC5C61A10}.Debug|Any CPU.ActiveCfg = Debug|Any CPU
		{2ED9A805-E2D4-84F7-DFCC-0CEDC5C61A10}.Debug|Any CPU.Build.0 = Debug|Any CPU
		{2ED9A805-E2D4-84F7-DFCC-0CEDC5C61A10}.Release|Any CPU.ActiveCfg = Release|Any CPU
		{2ED9A805-E2D4-84F7-DFCC-0CEDC5C61A10}.Release|Any CPU.Build.0 = Release|Any CPU
		{239196DC-070F-D994-ECE6-4453D974B6C1}.Debug|Any CPU.ActiveCfg = Debug|Any CPU
		{239196DC-070F-D994-ECE6-4453D974B6C1}.Debug|Any CPU.Build.0 = Debug|Any CPU
		{239196DC-070F-D994-ECE6-4453D974B6C1}.Release|Any CPU.ActiveCfg = Release|Any CPU
		{239196DC-070F-D994-ECE6-4453D974B6C1}.Release|Any CPU.Build.0 = Release|Any CPU
		{911B391F-9C76-F4A3-B8AC-0D92143BBFC6}.Debug|Any CPU.ActiveCfg = Debug|Any CPU
		{911B391F-9C76-F4A3-B8AC-0D92143BBFC6}.Debug|Any CPU.Build.0 = Debug|Any CPU
		{911B391F-9C76-F4A3-B8AC-0D92143BBFC6}.Release|Any CPU.ActiveCfg = Release|Any CPU
		{911B391F-9C76-F4A3-B8AC-0D92143BBFC6}.Release|Any CPU.Build.0 = Release|Any CPU
		{AB70E85A-D8EA-A1D1-A93C-121C7B297AFC}.Debug|Any CPU.ActiveCfg = Debug|Any CPU
		{AB70E85A-D8EA-A1D1-A93C-121C7B297AFC}.Debug|Any CPU.Build.0 = Debug|Any CPU
		{AB70E85A-D8EA-A1D1-A93C-121C7B297AFC}.Release|Any CPU.ActiveCfg = Release|Any CPU
		{AB70E85A-D8EA-A1D1-A93C-121C7B297AFC}.Release|Any CPU.Build.0 = Release|Any CPU
		{1156D482-9095-6A8B-31A3-7BCD29923D25}.Debug|Any CPU.ActiveCfg = Debug|Any CPU
		{1156D482-9095-6A8B-31A3-7BCD29923D25}.Debug|Any CPU.Build.0 = Debug|Any CPU
		{1156D482-9095-6A8B-31A3-7BCD29923D25}.Release|Any CPU.ActiveCfg = Release|Any CPU
		{1156D482-9095-6A8B-31A3-7BCD29923D25}.Release|Any CPU.Build.0 = Release|Any CPU
		{E0374A43-E7A7-CC12-01CA-D6D38BBE61B3}.Debug|Any CPU.ActiveCfg = Debug|Any CPU
		{E0374A43-E7A7-CC12-01CA-D6D38BBE61B3}.Debug|Any CPU.Build.0 = Debug|Any CPU
		{E0374A43-E7A7-CC12-01CA-D6D38BBE61B3}.Release|Any CPU.ActiveCfg = Release|Any CPU
		{E0374A43-E7A7-CC12-01CA-D6D38BBE61B3}.Release|Any CPU.Build.0 = Release|Any CPU
		{C2345DCF-598F-5317-7670-76804BEB83E1}.Debug|Any CPU.ActiveCfg = Debug|Any CPU
		{C2345DCF-598F-5317-7670-76804BEB83E1}.Debug|Any CPU.Build.0 = Debug|Any CPU
		{C2345DCF-598F-5317-7670-76804BEB83E1}.Release|Any CPU.ActiveCfg = Release|Any CPU
		{C2345DCF-598F-5317-7670-76804BEB83E1}.Release|Any CPU.Build.0 = Release|Any CPU
		{28654A88-CE4A-4D41-9345-F9155D7696C5}.Debug|Any CPU.ActiveCfg = Debug|Any CPU
		{28654A88-CE4A-4D41-9345-F9155D7696C5}.Debug|Any CPU.Build.0 = Debug|Any CPU
		{28654A88-CE4A-4D41-9345-F9155D7696C5}.Release|Any CPU.ActiveCfg = Release|Any CPU
		{28654A88-CE4A-4D41-9345-F9155D7696C5}.Release|Any CPU.Build.0 = Release|Any CPU
		{85365CD5-FA67-C87F-A650-3FB8A350841D}.Debug|Any CPU.ActiveCfg = Debug|Any CPU
		{85365CD5-FA67-C87F-A650-3FB8A350841D}.Debug|Any CPU.Build.0 = Debug|Any CPU
		{85365CD5-FA67-C87F-A650-3FB8A350841D}.Release|Any CPU.ActiveCfg = Release|Any CPU
		{85365CD5-FA67-C87F-A650-3FB8A350841D}.Release|Any CPU.Build.0 = Release|Any CPU
		{0B1D0DCB-B2CD-8520-B528-97FD3BA83CEB}.Debug|Any CPU.ActiveCfg = Debug|Any CPU
		{0B1D0DCB-B2CD-8520-B528-97FD3BA83CEB}.Debug|Any CPU.Build.0 = Debug|Any CPU
		{0B1D0DCB-B2CD-8520-B528-97FD3BA83CEB}.Release|Any CPU.ActiveCfg = Release|Any CPU
		{0B1D0DCB-B2CD-8520-B528-97FD3BA83CEB}.Release|Any CPU.Build.0 = Release|Any CPU
		{4EBBEFFE-12B2-9657-C8FB-755AD5955407}.Debug|Any CPU.ActiveCfg = Debug|Any CPU
		{4EBBEFFE-12B2-9657-C8FB-755AD5955407}.Debug|Any CPU.Build.0 = Debug|Any CPU
		{4EBBEFFE-12B2-9657-C8FB-755AD5955407}.Release|Any CPU.ActiveCfg = Release|Any CPU
		{4EBBEFFE-12B2-9657-C8FB-755AD5955407}.Release|Any CPU.Build.0 = Release|Any CPU
		{933A978F-C461-9C50-EBD7-127544C0DC87}.Debug|Any CPU.ActiveCfg = Debug|Any CPU
		{933A978F-C461-9C50-EBD7-127544C0DC87}.Debug|Any CPU.Build.0 = Debug|Any CPU
		{933A978F-C461-9C50-EBD7-127544C0DC87}.Release|Any CPU.ActiveCfg = Release|Any CPU
		{933A978F-C461-9C50-EBD7-127544C0DC87}.Release|Any CPU.Build.0 = Release|Any CPU
		{37D855D7-089C-759B-A63B-041F9CACFD77}.Debug|Any CPU.ActiveCfg = Debug|Any CPU
		{37D855D7-089C-759B-A63B-041F9CACFD77}.Debug|Any CPU.Build.0 = Debug|Any CPU
		{37D855D7-089C-759B-A63B-041F9CACFD77}.Release|Any CPU.ActiveCfg = Release|Any CPU
		{37D855D7-089C-759B-A63B-041F9CACFD77}.Release|Any CPU.Build.0 = Release|Any CPU
		{14365B4B-1967-FB05-BF04-F61A96EFAE11}.Debug|Any CPU.ActiveCfg = Debug|Any CPU
		{14365B4B-1967-FB05-BF04-F61A96EFAE11}.Debug|Any CPU.Build.0 = Debug|Any CPU
		{14365B4B-1967-FB05-BF04-F61A96EFAE11}.Release|Any CPU.ActiveCfg = Release|Any CPU
		{14365B4B-1967-FB05-BF04-F61A96EFAE11}.Release|Any CPU.Build.0 = Release|Any CPU
		{91583D86-7F49-612D-702E-87EA221D778F}.Debug|Any CPU.ActiveCfg = Debug|Any CPU
		{91583D86-7F49-612D-702E-87EA221D778F}.Debug|Any CPU.Build.0 = Debug|Any CPU
		{91583D86-7F49-612D-702E-87EA221D778F}.Release|Any CPU.ActiveCfg = Release|Any CPU
		{91583D86-7F49-612D-702E-87EA221D778F}.Release|Any CPU.Build.0 = Release|Any CPU
		{DA969EB6-C7FC-E519-ADF0-EC8F13F057D1}.Debug|Any CPU.ActiveCfg = Debug|Any CPU
		{DA969EB6-C7FC-E519-ADF0-EC8F13F057D1}.Debug|Any CPU.Build.0 = Debug|Any CPU
		{DA969EB6-C7FC-E519-ADF0-EC8F13F057D1}.Release|Any CPU.ActiveCfg = Release|Any CPU
		{DA969EB6-C7FC-E519-ADF0-EC8F13F057D1}.Release|Any CPU.Build.0 = Release|Any CPU
		{5E3CB4E7-FBB3-D2DD-B44E-AE9679A679D9}.Debug|Any CPU.ActiveCfg = Debug|Any CPU
		{5E3CB4E7-FBB3-D2DD-B44E-AE9679A679D9}.Debug|Any CPU.Build.0 = Debug|Any CPU
		{5E3CB4E7-FBB3-D2DD-B44E-AE9679A679D9}.Release|Any CPU.ActiveCfg = Release|Any CPU
		{5E3CB4E7-FBB3-D2DD-B44E-AE9679A679D9}.Release|Any CPU.Build.0 = Release|Any CPU
		{69302776-1B81-BA13-68B4-6EEF8E5A9F42}.Debug|Any CPU.ActiveCfg = Debug|Any CPU
		{69302776-1B81-BA13-68B4-6EEF8E5A9F42}.Debug|Any CPU.Build.0 = Debug|Any CPU
		{69302776-1B81-BA13-68B4-6EEF8E5A9F42}.Release|Any CPU.ActiveCfg = Release|Any CPU
		{69302776-1B81-BA13-68B4-6EEF8E5A9F42}.Release|Any CPU.Build.0 = Release|Any CPU
		{0F54AD90-9464-641E-1EF1-909183A8CE4B}.Debug|Any CPU.ActiveCfg = Debug|Any CPU
		{0F54AD90-9464-641E-1EF1-909183A8CE4B}.Debug|Any CPU.Build.0 = Debug|Any CPU
		{0F54AD90-9464-641E-1EF1-909183A8CE4B}.Release|Any CPU.ActiveCfg = Release|Any CPU
		{0F54AD90-9464-641E-1EF1-909183A8CE4B}.Release|Any CPU.Build.0 = Release|Any CPU
		{0E7894F3-1A28-1EF6-B48D-C7761B7B1FA1}.Debug|Any CPU.ActiveCfg = Debug|Any CPU
		{0E7894F3-1A28-1EF6-B48D-C7761B7B1FA1}.Debug|Any CPU.Build.0 = Debug|Any CPU
		{0E7894F3-1A28-1EF6-B48D-C7761B7B1FA1}.Release|Any CPU.ActiveCfg = Release|Any CPU
		{0E7894F3-1A28-1EF6-B48D-C7761B7B1FA1}.Release|Any CPU.Build.0 = Release|Any CPU
		{FD2D9CD6-743B-9D13-E5BF-D49A9167CCCB}.Debug|Any CPU.ActiveCfg = Debug|Any CPU
		{FD2D9CD6-743B-9D13-E5BF-D49A9167CCCB}.Debug|Any CPU.Build.0 = Debug|Any CPU
		{FD2D9CD6-743B-9D13-E5BF-D49A9167CCCB}.Release|Any CPU.ActiveCfg = Release|Any CPU
		{FD2D9CD6-743B-9D13-E5BF-D49A9167CCCB}.Release|Any CPU.Build.0 = Release|Any CPU
		{244DC27A-1DEC-DCF5-D9B9-AEA25AF3D2F0}.Debug|Any CPU.ActiveCfg = Debug|Any CPU
		{244DC27A-1DEC-DCF5-D9B9-AEA25AF3D2F0}.Debug|Any CPU.Build.0 = Debug|Any CPU
		{244DC27A-1DEC-DCF5-D9B9-AEA25AF3D2F0}.Release|Any CPU.ActiveCfg = Release|Any CPU
		{244DC27A-1DEC-DCF5-D9B9-AEA25AF3D2F0}.Release|Any CPU.Build.0 = Release|Any CPU
		{6C7E43BB-0725-3DEA-F92E-A51348B54664}.Debug|Any CPU.ActiveCfg = Debug|Any CPU
		{6C7E43BB-0725-3DEA-F92E-A51348B54664}.Debug|Any CPU.Build.0 = Debug|Any CPU
		{6C7E43BB-0725-3DEA-F92E-A51348B54664}.Release|Any CPU.ActiveCfg = Release|Any CPU
		{6C7E43BB-0725-3DEA-F92E-A51348B54664}.Release|Any CPU.Build.0 = Release|Any CPU
		{E3B94521-1259-9040-AF6F-F2713C9BB312}.Debug|Any CPU.ActiveCfg = Debug|Any CPU
		{E3B94521-1259-9040-AF6F-F2713C9BB312}.Debug|Any CPU.Build.0 = Debug|Any CPU
		{E3B94521-1259-9040-AF6F-F2713C9BB312}.Release|Any CPU.ActiveCfg = Release|Any CPU
		{E3B94521-1259-9040-AF6F-F2713C9BB312}.Release|Any CPU.Build.0 = Release|Any CPU
		{15927492-6155-31A1-B4EC-8B53C0443833}.Debug|Any CPU.ActiveCfg = Debug|Any CPU
		{15927492-6155-31A1-B4EC-8B53C0443833}.Debug|Any CPU.Build.0 = Debug|Any CPU
		{15927492-6155-31A1-B4EC-8B53C0443833}.Release|Any CPU.ActiveCfg = Release|Any CPU
		{15927492-6155-31A1-B4EC-8B53C0443833}.Release|Any CPU.Build.0 = Release|Any CPU
		{AA461209-2A22-2342-D94E-12D77F96463C}.Debug|Any CPU.ActiveCfg = Debug|Any CPU
		{AA461209-2A22-2342-D94E-12D77F96463C}.Debug|Any CPU.Build.0 = Debug|Any CPU
		{AA461209-2A22-2342-D94E-12D77F96463C}.Release|Any CPU.ActiveCfg = Release|Any CPU
		{AA461209-2A22-2342-D94E-12D77F96463C}.Release|Any CPU.Build.0 = Release|Any CPU
		{54776D90-566C-4B89-EA5A-4ED08008AB8D}.Debug|Any CPU.ActiveCfg = Debug|Any CPU
		{54776D90-566C-4B89-EA5A-4ED08008AB8D}.Debug|Any CPU.Build.0 = Debug|Any CPU
		{54776D90-566C-4B89-EA5A-4ED08008AB8D}.Release|Any CPU.ActiveCfg = Release|Any CPU
		{54776D90-566C-4B89-EA5A-4ED08008AB8D}.Release|Any CPU.Build.0 = Release|Any CPU
		{9B96FE38-4615-8A45-6B19-6668D891D587}.Debug|Any CPU.ActiveCfg = Debug|Any CPU
		{9B96FE38-4615-8A45-6B19-6668D891D587}.Debug|Any CPU.Build.0 = Debug|Any CPU
		{9B96FE38-4615-8A45-6B19-6668D891D587}.Release|Any CPU.ActiveCfg = Release|Any CPU
		{9B96FE38-4615-8A45-6B19-6668D891D587}.Release|Any CPU.Build.0 = Release|Any CPU
		{50BCF0AE-5204-27E4-568B-C531DD700739}.Debug|Any CPU.ActiveCfg = Debug|Any CPU
		{50BCF0AE-5204-27E4-568B-C531DD700739}.Debug|Any CPU.Build.0 = Debug|Any CPU
		{50BCF0AE-5204-27E4-568B-C531DD700739}.Release|Any CPU.ActiveCfg = Release|Any CPU
		{50BCF0AE-5204-27E4-568B-C531DD700739}.Release|Any CPU.Build.0 = Release|Any CPU
		{FA113DE9-8CA7-CA08-791A-0E3D58BCC0D6}.Debug|Any CPU.ActiveCfg = Debug|Any CPU
		{FA113DE9-8CA7-CA08-791A-0E3D58BCC0D6}.Debug|Any CPU.Build.0 = Debug|Any CPU
		{FA113DE9-8CA7-CA08-791A-0E3D58BCC0D6}.Release|Any CPU.ActiveCfg = Release|Any CPU
		{FA113DE9-8CA7-CA08-791A-0E3D58BCC0D6}.Release|Any CPU.Build.0 = Release|Any CPU
		{ACBAE7F0-E677-D9FF-145B-340BCB674823}.Debug|Any CPU.ActiveCfg = Debug|Any CPU
		{ACBAE7F0-E677-D9FF-145B-340BCB674823}.Debug|Any CPU.Build.0 = Debug|Any CPU
		{ACBAE7F0-E677-D9FF-145B-340BCB674823}.Release|Any CPU.ActiveCfg = Release|Any CPU
		{ACBAE7F0-E677-D9FF-145B-340BCB674823}.Release|Any CPU.Build.0 = Release|Any CPU
		{2F8A4BD1-DDA1-4E79-45BF-C327EE751BC8}.Debug|Any CPU.ActiveCfg = Debug|Any CPU
		{2F8A4BD1-DDA1-4E79-45BF-C327EE751BC8}.Debug|Any CPU.Build.0 = Debug|Any CPU
		{2F8A4BD1-DDA1-4E79-45BF-C327EE751BC8}.Release|Any CPU.ActiveCfg = Release|Any CPU
		{2F8A4BD1-DDA1-4E79-45BF-C327EE751BC8}.Release|Any CPU.Build.0 = Release|Any CPU
		{6710AB56-D1C3-3A40-4018-C49F6080AC62}.Debug|Any CPU.ActiveCfg = Debug|Any CPU
		{6710AB56-D1C3-3A40-4018-C49F6080AC62}.Debug|Any CPU.Build.0 = Debug|Any CPU
		{6710AB56-D1C3-3A40-4018-C49F6080AC62}.Release|Any CPU.ActiveCfg = Release|Any CPU
		{6710AB56-D1C3-3A40-4018-C49F6080AC62}.Release|Any CPU.Build.0 = Release|Any CPU
		{4B44CC17-7D89-0B7C-2FB1-406423367D3C}.Debug|Any CPU.ActiveCfg = Debug|Any CPU
		{4B44CC17-7D89-0B7C-2FB1-406423367D3C}.Debug|Any CPU.Build.0 = Debug|Any CPU
		{4B44CC17-7D89-0B7C-2FB1-406423367D3C}.Release|Any CPU.ActiveCfg = Release|Any CPU
		{4B44CC17-7D89-0B7C-2FB1-406423367D3C}.Release|Any CPU.Build.0 = Release|Any CPU
		{3526D291-BDFF-DBF3-2E32-86C4C12D1C3F}.Debug|Any CPU.ActiveCfg = Debug|Any CPU
		{3526D291-BDFF-DBF3-2E32-86C4C12D1C3F}.Debug|Any CPU.Build.0 = Debug|Any CPU
		{3526D291-BDFF-DBF3-2E32-86C4C12D1C3F}.Release|Any CPU.ActiveCfg = Release|Any CPU
		{3526D291-BDFF-DBF3-2E32-86C4C12D1C3F}.Release|Any CPU.Build.0 = Release|Any CPU
		{9BA61B32-7B78-3F83-AC43-995B3D597283}.Debug|Any CPU.ActiveCfg = Debug|Any CPU
		{9BA61B32-7B78-3F83-AC43-995B3D597283}.Debug|Any CPU.Build.0 = Debug|Any CPU
		{9BA61B32-7B78-3F83-AC43-995B3D597283}.Release|Any CPU.ActiveCfg = Release|Any CPU
		{9BA61B32-7B78-3F83-AC43-995B3D597283}.Release|Any CPU.Build.0 = Release|Any CPU
		{1BC08E83-2A8A-8CD0-F2FC-F00FEC69FF19}.Debug|Any CPU.ActiveCfg = Debug|Any CPU
		{1BC08E83-2A8A-8CD0-F2FC-F00FEC69FF19}.Debug|Any CPU.Build.0 = Debug|Any CPU
		{1BC08E83-2A8A-8CD0-F2FC-F00FEC69FF19}.Release|Any CPU.ActiveCfg = Release|Any CPU
		{1BC08E83-2A8A-8CD0-F2FC-F00FEC69FF19}.Release|Any CPU.Build.0 = Release|Any CPU
		{31B8C447-7485-DE7F-0D80-99EA76F4D88B}.Debug|Any CPU.ActiveCfg = Debug|Any CPU
		{31B8C447-7485-DE7F-0D80-99EA76F4D88B}.Debug|Any CPU.Build.0 = Debug|Any CPU
		{31B8C447-7485-DE7F-0D80-99EA76F4D88B}.Release|Any CPU.ActiveCfg = Release|Any CPU
		{31B8C447-7485-DE7F-0D80-99EA76F4D88B}.Release|Any CPU.Build.0 = Release|Any CPU
		{83307CF7-509A-DDB3-FFA5-95714470AC48}.Debug|Any CPU.ActiveCfg = Debug|Any CPU
		{83307CF7-509A-DDB3-FFA5-95714470AC48}.Debug|Any CPU.Build.0 = Debug|Any CPU
		{83307CF7-509A-DDB3-FFA5-95714470AC48}.Release|Any CPU.ActiveCfg = Release|Any CPU
		{83307CF7-509A-DDB3-FFA5-95714470AC48}.Release|Any CPU.Build.0 = Release|Any CPU
		{36AF6B23-7E9D-6F8F-B584-380666C59E52}.Debug|Any CPU.ActiveCfg = Debug|Any CPU
		{36AF6B23-7E9D-6F8F-B584-380666C59E52}.Debug|Any CPU.Build.0 = Debug|Any CPU
		{36AF6B23-7E9D-6F8F-B584-380666C59E52}.Release|Any CPU.ActiveCfg = Release|Any CPU
		{36AF6B23-7E9D-6F8F-B584-380666C59E52}.Release|Any CPU.Build.0 = Release|Any CPU
		{B51779E5-EB49-BDE5-C7D9-1FB736CD044C}.Debug|Any CPU.ActiveCfg = Debug|Any CPU
		{B51779E5-EB49-BDE5-C7D9-1FB736CD044C}.Debug|Any CPU.Build.0 = Debug|Any CPU
		{B51779E5-EB49-BDE5-C7D9-1FB736CD044C}.Release|Any CPU.ActiveCfg = Release|Any CPU
		{B51779E5-EB49-BDE5-C7D9-1FB736CD044C}.Release|Any CPU.Build.0 = Release|Any CPU
		{DB5D72AB-8FCD-A919-08D5-E284B1F62E55}.Debug|Any CPU.ActiveCfg = Debug|Any CPU
		{DB5D72AB-8FCD-A919-08D5-E284B1F62E55}.Debug|Any CPU.Build.0 = Debug|Any CPU
		{DB5D72AB-8FCD-A919-08D5-E284B1F62E55}.Release|Any CPU.ActiveCfg = Release|Any CPU
		{DB5D72AB-8FCD-A919-08D5-E284B1F62E55}.Release|Any CPU.Build.0 = Release|Any CPU
		{F4F0FD90-953D-C216-C0A5-9ABCAAD2FDB9}.Debug|Any CPU.ActiveCfg = Debug|Any CPU
		{F4F0FD90-953D-C216-C0A5-9ABCAAD2FDB9}.Debug|Any CPU.Build.0 = Debug|Any CPU
		{F4F0FD90-953D-C216-C0A5-9ABCAAD2FDB9}.Release|Any CPU.ActiveCfg = Release|Any CPU
		{F4F0FD90-953D-C216-C0A5-9ABCAAD2FDB9}.Release|Any CPU.Build.0 = Release|Any CPU
		{E156DF23-C78F-1705-DC91-5B4C8219A8BD}.Debug|Any CPU.ActiveCfg = Debug|Any CPU
		{E156DF23-C78F-1705-DC91-5B4C8219A8BD}.Debug|Any CPU.Build.0 = Debug|Any CPU
		{E156DF23-C78F-1705-DC91-5B4C8219A8BD}.Release|Any CPU.ActiveCfg = Release|Any CPU
		{E156DF23-C78F-1705-DC91-5B4C8219A8BD}.Release|Any CPU.Build.0 = Release|Any CPU
		{72CA1596-F6FC-C150-F16B-36B35AB98F65}.Debug|Any CPU.ActiveCfg = Debug|Any CPU
		{72CA1596-F6FC-C150-F16B-36B35AB98F65}.Debug|Any CPU.Build.0 = Debug|Any CPU
		{72CA1596-F6FC-C150-F16B-36B35AB98F65}.Release|Any CPU.ActiveCfg = Release|Any CPU
		{72CA1596-F6FC-C150-F16B-36B35AB98F65}.Release|Any CPU.Build.0 = Release|Any CPU
		{75ED5B62-AF9D-1BA7-19FD-E820E1CD3A23}.Debug|Any CPU.ActiveCfg = Debug|Any CPU
		{75ED5B62-AF9D-1BA7-19FD-E820E1CD3A23}.Debug|Any CPU.Build.0 = Debug|Any CPU
		{75ED5B62-AF9D-1BA7-19FD-E820E1CD3A23}.Release|Any CPU.ActiveCfg = Release|Any CPU
		{75ED5B62-AF9D-1BA7-19FD-E820E1CD3A23}.Release|Any CPU.Build.0 = Release|Any CPU
		{172F709D-F318-F3DE-DC71-898EE4051A6A}.Debug|Any CPU.ActiveCfg = Debug|Any CPU
		{172F709D-F318-F3DE-DC71-898EE4051A6A}.Debug|Any CPU.Build.0 = Debug|Any CPU
		{172F709D-F318-F3DE-DC71-898EE4051A6A}.Release|Any CPU.ActiveCfg = Release|Any CPU
		{172F709D-F318-F3DE-DC71-898EE4051A6A}.Release|Any CPU.Build.0 = Release|Any CPU
		{687C2664-1912-EA69-898E-5BE2B61E5CAF}.Debug|Any CPU.ActiveCfg = Debug|Any CPU
		{687C2664-1912-EA69-898E-5BE2B61E5CAF}.Debug|Any CPU.Build.0 = Debug|Any CPU
		{687C2664-1912-EA69-898E-5BE2B61E5CAF}.Release|Any CPU.ActiveCfg = Release|Any CPU
		{687C2664-1912-EA69-898E-5BE2B61E5CAF}.Release|Any CPU.Build.0 = Release|Any CPU
		{B8F0DD85-28D3-F3AC-346F-4638D8E7A672}.Debug|Any CPU.ActiveCfg = Debug|Any CPU
		{B8F0DD85-28D3-F3AC-346F-4638D8E7A672}.Debug|Any CPU.Build.0 = Debug|Any CPU
		{B8F0DD85-28D3-F3AC-346F-4638D8E7A672}.Release|Any CPU.ActiveCfg = Release|Any CPU
		{B8F0DD85-28D3-F3AC-346F-4638D8E7A672}.Release|Any CPU.Build.0 = Release|Any CPU
		{BED2B803-2644-551E-FA5F-66507336CEBF}.Debug|Any CPU.ActiveCfg = Debug|Any CPU
		{BED2B803-2644-551E-FA5F-66507336CEBF}.Debug|Any CPU.Build.0 = Debug|Any CPU
		{BED2B803-2644-551E-FA5F-66507336CEBF}.Release|Any CPU.ActiveCfg = Release|Any CPU
		{BED2B803-2644-551E-FA5F-66507336CEBF}.Release|Any CPU.Build.0 = Release|Any CPU
		{549D7EDB-503F-C3C1-6C56-2818CF84DC38}.Debug|Any CPU.ActiveCfg = Debug|Any CPU
		{549D7EDB-503F-C3C1-6C56-2818CF84DC38}.Debug|Any CPU.Build.0 = Debug|Any CPU
		{549D7EDB-503F-C3C1-6C56-2818CF84DC38}.Release|Any CPU.ActiveCfg = Release|Any CPU
		{549D7EDB-503F-C3C1-6C56-2818CF84DC38}.Release|Any CPU.Build.0 = Release|Any CPU
		{D144AE4A-33FC-8E5F-D7BB-B76CDEE9954B}.Debug|Any CPU.ActiveCfg = Debug|Any CPU
		{D144AE4A-33FC-8E5F-D7BB-B76CDEE9954B}.Debug|Any CPU.Build.0 = Debug|Any CPU
		{D144AE4A-33FC-8E5F-D7BB-B76CDEE9954B}.Release|Any CPU.ActiveCfg = Release|Any CPU
		{D144AE4A-33FC-8E5F-D7BB-B76CDEE9954B}.Release|Any CPU.Build.0 = Release|Any CPU
		{7EF09B64-F6FE-FB7C-0465-CB70CE2A357E}.Debug|Any CPU.ActiveCfg = Debug|Any CPU
		{7EF09B64-F6FE-FB7C-0465-CB70CE2A357E}.Debug|Any CPU.Build.0 = Debug|Any CPU
		{7EF09B64-F6FE-FB7C-0465-CB70CE2A357E}.Release|Any CPU.ActiveCfg = Release|Any CPU
		{7EF09B64-F6FE-FB7C-0465-CB70CE2A357E}.Release|Any CPU.Build.0 = Release|Any CPU
		{D780DA71-1C87-5E72-7955-33C12AD7619A}.Debug|Any CPU.ActiveCfg = Debug|Any CPU
		{D780DA71-1C87-5E72-7955-33C12AD7619A}.Debug|Any CPU.Build.0 = Debug|Any CPU
		{D780DA71-1C87-5E72-7955-33C12AD7619A}.Release|Any CPU.ActiveCfg = Release|Any CPU
		{D780DA71-1C87-5E72-7955-33C12AD7619A}.Release|Any CPU.Build.0 = Release|Any CPU
		{68FF0A2F-D79A-29F1-5C46-8EFD8618C1C5}.Debug|Any CPU.ActiveCfg = Debug|Any CPU
		{68FF0A2F-D79A-29F1-5C46-8EFD8618C1C5}.Debug|Any CPU.Build.0 = Debug|Any CPU
		{68FF0A2F-D79A-29F1-5C46-8EFD8618C1C5}.Release|Any CPU.ActiveCfg = Release|Any CPU
		{68FF0A2F-D79A-29F1-5C46-8EFD8618C1C5}.Release|Any CPU.Build.0 = Release|Any CPU
		{2407334D-A72C-4816-9B65-711F24A70CD1}.Debug|Any CPU.ActiveCfg = Debug|Any CPU
		{2407334D-A72C-4816-9B65-711F24A70CD1}.Debug|Any CPU.Build.0 = Debug|Any CPU
		{2407334D-A72C-4816-9B65-711F24A70CD1}.Release|Any CPU.ActiveCfg = Release|Any CPU
		{2407334D-A72C-4816-9B65-711F24A70CD1}.Release|Any CPU.Build.0 = Release|Any CPU
		{178FA6A8-38D6-B1E1-68E6-E3B244FBEB26}.Debug|Any CPU.ActiveCfg = Debug|Any CPU
		{178FA6A8-38D6-B1E1-68E6-E3B244FBEB26}.Debug|Any CPU.Build.0 = Debug|Any CPU
		{178FA6A8-38D6-B1E1-68E6-E3B244FBEB26}.Release|Any CPU.ActiveCfg = Release|Any CPU
		{178FA6A8-38D6-B1E1-68E6-E3B244FBEB26}.Release|Any CPU.Build.0 = Release|Any CPU
		{AA578283-99A0-91ED-5A0C-C7CDDE506CB5}.Debug|Any CPU.ActiveCfg = Debug|Any CPU
		{AA578283-99A0-91ED-5A0C-C7CDDE506CB5}.Debug|Any CPU.Build.0 = Debug|Any CPU
		{AA578283-99A0-91ED-5A0C-C7CDDE506CB5}.Release|Any CPU.ActiveCfg = Release|Any CPU
		{AA578283-99A0-91ED-5A0C-C7CDDE506CB5}.Release|Any CPU.Build.0 = Release|Any CPU
		{D4F86081-EB21-60DD-57CB-8DC4CAD467C2}.Debug|Any CPU.ActiveCfg = Debug|Any CPU
		{D4F86081-EB21-60DD-57CB-8DC4CAD467C2}.Debug|Any CPU.Build.0 = Debug|Any CPU
		{D4F86081-EB21-60DD-57CB-8DC4CAD467C2}.Release|Any CPU.ActiveCfg = Release|Any CPU
		{D4F86081-EB21-60DD-57CB-8DC4CAD467C2}.Release|Any CPU.Build.0 = Release|Any CPU
		{1010A1E2-5CA4-CA77-47A3-674F0EB6DB01}.Debug|Any CPU.ActiveCfg = Debug|Any CPU
		{1010A1E2-5CA4-CA77-47A3-674F0EB6DB01}.Debug|Any CPU.Build.0 = Debug|Any CPU
		{1010A1E2-5CA4-CA77-47A3-674F0EB6DB01}.Release|Any CPU.ActiveCfg = Release|Any CPU
		{1010A1E2-5CA4-CA77-47A3-674F0EB6DB01}.Release|Any CPU.Build.0 = Release|Any CPU
		{44601FF7-D60D-974F-D8DE-15C26284014C}.Debug|Any CPU.ActiveCfg = Debug|Any CPU
		{44601FF7-D60D-974F-D8DE-15C26284014C}.Debug|Any CPU.Build.0 = Debug|Any CPU
		{44601FF7-D60D-974F-D8DE-15C26284014C}.Release|Any CPU.ActiveCfg = Release|Any CPU
		{44601FF7-D60D-974F-D8DE-15C26284014C}.Release|Any CPU.Build.0 = Release|Any CPU
		{7E779343-482F-E18A-F06E-A33545B9C3ED}.Debug|Any CPU.ActiveCfg = Debug|Any CPU
		{7E779343-482F-E18A-F06E-A33545B9C3ED}.Debug|Any CPU.Build.0 = Debug|Any CPU
		{7E779343-482F-E18A-F06E-A33545B9C3ED}.Release|Any CPU.ActiveCfg = Release|Any CPU
		{7E779343-482F-E18A-F06E-A33545B9C3ED}.Release|Any CPU.Build.0 = Release|Any CPU
		{93976CBB-71D9-21E2-5C88-863973915409}.Debug|Any CPU.ActiveCfg = Debug|Any CPU
		{93976CBB-71D9-21E2-5C88-863973915409}.Debug|Any CPU.Build.0 = Debug|Any CPU
		{93976CBB-71D9-21E2-5C88-863973915409}.Release|Any CPU.ActiveCfg = Release|Any CPU
		{93976CBB-71D9-21E2-5C88-863973915409}.Release|Any CPU.Build.0 = Release|Any CPU
		{9D6873D1-7ED8-615B-5628-69A598775E28}.Debug|Any CPU.ActiveCfg = Debug|Any CPU
		{9D6873D1-7ED8-615B-5628-69A598775E28}.Debug|Any CPU.Build.0 = Debug|Any CPU
		{9D6873D1-7ED8-615B-5628-69A598775E28}.Release|Any CPU.ActiveCfg = Release|Any CPU
		{9D6873D1-7ED8-615B-5628-69A598775E28}.Release|Any CPU.Build.0 = Release|Any CPU
		{EA645AF0-A735-016B-254A-FD148DE03E4F}.Debug|Any CPU.ActiveCfg = Debug|Any CPU
		{EA645AF0-A735-016B-254A-FD148DE03E4F}.Debug|Any CPU.Build.0 = Debug|Any CPU
		{EA645AF0-A735-016B-254A-FD148DE03E4F}.Release|Any CPU.ActiveCfg = Release|Any CPU
		{EA645AF0-A735-016B-254A-FD148DE03E4F}.Release|Any CPU.Build.0 = Release|Any CPU
		{CA172D2E-3F82-187C-B2AB-BEA4831DB325}.Debug|Any CPU.ActiveCfg = Debug|Any CPU
		{CA172D2E-3F82-187C-B2AB-BEA4831DB325}.Debug|Any CPU.Build.0 = Debug|Any CPU
		{CA172D2E-3F82-187C-B2AB-BEA4831DB325}.Release|Any CPU.ActiveCfg = Release|Any CPU
		{CA172D2E-3F82-187C-B2AB-BEA4831DB325}.Release|Any CPU.Build.0 = Release|Any CPU
		{28BC2B7C-A711-3D7F-3649-4A2EEE2BF7E5}.Debug|Any CPU.ActiveCfg = Debug|Any CPU
		{28BC2B7C-A711-3D7F-3649-4A2EEE2BF7E5}.Debug|Any CPU.Build.0 = Debug|Any CPU
		{28BC2B7C-A711-3D7F-3649-4A2EEE2BF7E5}.Release|Any CPU.ActiveCfg = Release|Any CPU
		{28BC2B7C-A711-3D7F-3649-4A2EEE2BF7E5}.Release|Any CPU.Build.0 = Release|Any CPU
		{B991F38B-505E-7FB3-78CF-84628D1BA6C5}.Debug|Any CPU.ActiveCfg = Debug|Any CPU
		{B991F38B-505E-7FB3-78CF-84628D1BA6C5}.Debug|Any CPU.Build.0 = Debug|Any CPU
		{B991F38B-505E-7FB3-78CF-84628D1BA6C5}.Release|Any CPU.ActiveCfg = Release|Any CPU
		{B991F38B-505E-7FB3-78CF-84628D1BA6C5}.Release|Any CPU.Build.0 = Release|Any CPU
		{E6901DCC-21D1-85A3-3594-F6183D51CF16}.Debug|Any CPU.ActiveCfg = Debug|Any CPU
		{E6901DCC-21D1-85A3-3594-F6183D51CF16}.Debug|Any CPU.Build.0 = Debug|Any CPU
		{E6901DCC-21D1-85A3-3594-F6183D51CF16}.Release|Any CPU.ActiveCfg = Release|Any CPU
		{E6901DCC-21D1-85A3-3594-F6183D51CF16}.Release|Any CPU.Build.0 = Release|Any CPU
	EndGlobalSection
	GlobalSection(SolutionProperties) = preSolution
		HideSolutionNode = FALSE
	EndGlobalSection
EndGlobal
